
Microsoft Visual Studio Solution File, Format Version 12.00
# Visual Studio Version 16
VisualStudioVersion = 16.0.28803.452
MinimumVisualStudioVersion = 10.0.40219.1
Project("{9A19103F-16F7-4668-BE54-9A1E7A4F7556}") = "SampleBotLuis", "SampleBotLuis.csproj", "{A949A748-BE6C-4905-8A5C-A3D3A2F2D5D9}"
EndProject
Global
	GlobalSection(SolutionConfigurationPlatforms) = preSolution
		Debug|Any CPU = Debug|Any CPU
		Release|Any CPU = Release|Any CPU
	EndGlobalSection
	GlobalSection(ProjectConfigurationPlatforms) = postSolution
		{A949A748-BE6C-4905-8A5C-A3D3A2F2D5D9}.Debug|Any CPU.ActiveCfg = Debug|Any CPU
		{A949A748-BE6C-4905-8A5C-A3D3A2F2D5D9}.Debug|Any CPU.Build.0 = Debug|Any CPU
		{A949A748-BE6C-4905-8A5C-A3D3A2F2D5D9}.Release|Any CPU.ActiveCfg = Release|Any CPU
		{A949A748-BE6C-4905-8A5C-A3D3A2F2D5D9}.Release|Any CPU.Build.0 = Release|Any CPU
	EndGlobalSection
	GlobalSection(SolutionProperties) = preSolution
		HideSolutionNode = FALSE
	EndGlobalSection
	GlobalSection(ExtensibilityGlobals) = postSolution
		SolutionGuid = {A5E08715-1862-4F06-8A53-0A076F9D3F41}
	EndGlobalSection
EndGlobal
